
Microsoft Visual Studio Solution File, Format Version 12.00
# Visual Studio Version 17
VisualStudioVersion = 17.8.34511.84
MinimumVisualStudioVersion = 10.0.40219.1
Project("{8BC9CEB8-8B4A-11D0-8D11-00A0C91BC942}") = "Instructiuni_Repetitive_CPP_", "Instructiuni_Repetitive_CPP_\Instructiuni_Repetitive_CPP_.vcxproj", "{0400A19B-E196-4FD9-AA27-94D018BE7B9D}"
EndProject
Global
	GlobalSection(SolutionConfigurationPlatforms) = preSolution
		Debug|x64 = Debug|x64
		Debug|x86 = Debug|x86
		Release|x64 = Release|x64
		Release|x86 = Release|x86
	EndGlobalSection
	GlobalSection(ProjectConfigurationPlatforms) = postSolution
		{0400A19B-E196-4FD9-AA27-94D018BE7B9D}.Debug|x64.ActiveCfg = Debug|x64
		{0400A19B-E196-4FD9-AA27-94D018BE7B9D}.Debug|x64.Build.0 = Debug|x64
		{0400A19B-E196-4FD9-AA27-94D018BE7B9D}.Debug|x86.ActiveCfg = Debug|Win32
		{0400A19B-E196-4FD9-AA27-94D018BE7B9D}.Debug|x86.Build.0 = Debug|Win32
		{0400A19B-E196-4FD9-AA27-94D018BE7B9D}.Release|x64.ActiveCfg = Release|x64
		{0400A19B-E196-4FD9-AA27-94D018BE7B9D}.Release|x64.Build.0 = Release|x64
		{0400A19B-E196-4FD9-AA27-94D018BE7B9D}.Release|x86.ActiveCfg = Release|Win32
		{0400A19B-E196-4FD9-AA27-94D018BE7B9D}.Release|x86.Build.0 = Release|Win32
	EndGlobalSection
	GlobalSection(SolutionProperties) = preSolution
		HideSolutionNode = FALSE
	EndGlobalSection
	GlobalSection(ExtensibilityGlobals) = postSolution
		SolutionGuid = {3CC351AD-17E0-42B5-8DC5-CEF00D46F775}
	EndGlobalSection
EndGlobal
